// !$*UTF8*$!
{
	archiveVersion = 1;
	classes = {
	};
	objectVersion = 51;
	objects = {

/* Begin PBXBuildFile section */
		98C5F06425B6741400F2B56F /* AppDelegate.swift in Sources */ = {isa = PBXBuildFile; fileRef = 98C5F06325B6741400F2B56F /* AppDelegate.swift */; };
		98C5F06825B6741500F2B56F /* Assets.xcassets in Resources */ = {isa = PBXBuildFile; fileRef = 98C5F06725B6741500F2B56F /* Assets.xcassets */; };
		98C5F07725B6741500F2B56F /* MarlinTests.swift in Sources */ = {isa = PBXBuildFile; fileRef = 98C5F07625B6741500F2B56F /* MarlinTests.swift */; };
		98C5F08225B6741500F2B56F /* MarlinUITests.swift in Sources */ = {isa = PBXBuildFile; fileRef = 98C5F08125B6741500F2B56F /* MarlinUITests.swift */; };
		98C5F09925B6777E00F2B56F /* main.swift in Sources */ = {isa = PBXBuildFile; fileRef = 98C5F09825B6777E00F2B56F /* main.swift */; };
		98C5F0A125B6780000F2B56F /* MainViewController.swift in Sources */ = {isa = PBXBuildFile; fileRef = 98C5F0A025B6780000F2B56F /* MainViewController.swift */; };
		F8F54B8C67C63FF78CAA3B21 /* Pods_Marlin.framework in Frameworks */ = {isa = PBXBuildFile; fileRef = 49FDF875CA86F8FEEF20B184 /* Pods_Marlin.framework */; };
/* End PBXBuildFile section */

/* Begin PBXContainerItemProxy section */
		98C5F07325B6741500F2B56F /* PBXContainerItemProxy */ = {
			isa = PBXContainerItemProxy;
			containerPortal = 98C5F05825B6741400F2B56F /* Project object */;
			proxyType = 1;
			remoteGlobalIDString = 98C5F05F25B6741400F2B56F;
			remoteInfo = Marlin;
		};
		98C5F07E25B6741500F2B56F /* PBXContainerItemProxy */ = {
			isa = PBXContainerItemProxy;
			containerPortal = 98C5F05825B6741400F2B56F /* Project object */;
			proxyType = 1;
			remoteGlobalIDString = 98C5F05F25B6741400F2B56F;
			remoteInfo = Marlin;
		};
/* End PBXContainerItemProxy section */

/* Begin PBXFileReference section */
		42EC1CB5B6ED8C5A08FD1015 /* Pods-Marlin.debug.xcconfig */ = {isa = PBXFileReference; includeInIndex = 1; lastKnownFileType = text.xcconfig; name = "Pods-Marlin.debug.xcconfig"; path = "Target Support Files/Pods-Marlin/Pods-Marlin.debug.xcconfig"; sourceTree = "<group>"; };
		49FDF875CA86F8FEEF20B184 /* Pods_Marlin.framework */ = {isa = PBXFileReference; explicitFileType = wrapper.framework; includeInIndex = 0; path = Pods_Marlin.framework; sourceTree = BUILT_PRODUCTS_DIR; };
		98C5F06025B6741400F2B56F /* Marlin.app */ = {isa = PBXFileReference; explicitFileType = wrapper.application; includeInIndex = 0; path = Marlin.app; sourceTree = BUILT_PRODUCTS_DIR; };
		98C5F06325B6741400F2B56F /* AppDelegate.swift */ = {isa = PBXFileReference; lastKnownFileType = sourcecode.swift; path = AppDelegate.swift; sourceTree = "<group>"; };
		98C5F06725B6741500F2B56F /* Assets.xcassets */ = {isa = PBXFileReference; lastKnownFileType = folder.assetcatalog; path = Assets.xcassets; sourceTree = "<group>"; };
		98C5F06C25B6741500F2B56F /* Info.plist */ = {isa = PBXFileReference; lastKnownFileType = text.plist.xml; path = Info.plist; sourceTree = "<group>"; };
		98C5F06D25B6741500F2B56F /* Marlin.entitlements */ = {isa = PBXFileReference; lastKnownFileType = text.plist.entitlements; path = Marlin.entitlements; sourceTree = "<group>"; };
		98C5F07225B6741500F2B56F /* MarlinTests.xctest */ = {isa = PBXFileReference; explicitFileType = wrapper.cfbundle; includeInIndex = 0; path = MarlinTests.xctest; sourceTree = BUILT_PRODUCTS_DIR; };
		98C5F07625B6741500F2B56F /* MarlinTests.swift */ = {isa = PBXFileReference; lastKnownFileType = sourcecode.swift; path = MarlinTests.swift; sourceTree = "<group>"; };
		98C5F07825B6741500F2B56F /* Info.plist */ = {isa = PBXFileReference; lastKnownFileType = text.plist.xml; path = Info.plist; sourceTree = "<group>"; };
		98C5F07D25B6741500F2B56F /* MarlinUITests.xctest */ = {isa = PBXFileReference; explicitFileType = wrapper.cfbundle; includeInIndex = 0; path = MarlinUITests.xctest; sourceTree = BUILT_PRODUCTS_DIR; };
		98C5F08125B6741500F2B56F /* MarlinUITests.swift */ = {isa = PBXFileReference; lastKnownFileType = sourcecode.swift; path = MarlinUITests.swift; sourceTree = "<group>"; };
		98C5F08325B6741500F2B56F /* Info.plist */ = {isa = PBXFileReference; lastKnownFileType = text.plist.xml; path = Info.plist; sourceTree = "<group>"; };
		98C5F09825B6777E00F2B56F /* main.swift */ = {isa = PBXFileReference; lastKnownFileType = sourcecode.swift; path = main.swift; sourceTree = "<group>"; };
		98C5F0A025B6780000F2B56F /* MainViewController.swift */ = {isa = PBXFileReference; lastKnownFileType = sourcecode.swift; path = MainViewController.swift; sourceTree = "<group>"; };
		9FFA4CE2EAE4C5460408B200 /* Pods-Marlin.release.xcconfig */ = {isa = PBXFileReference; includeInIndex = 1; lastKnownFileType = text.xcconfig; name = "Pods-Marlin.release.xcconfig"; path = "Target Support Files/Pods-Marlin/Pods-Marlin.release.xcconfig"; sourceTree = "<group>"; };
/* End PBXFileReference section */

/* Begin PBXFrameworksBuildPhase section */
		98C5F05D25B6741400F2B56F /* Frameworks */ = {
			isa = PBXFrameworksBuildPhase;
			buildActionMask = 2147483647;
			files = (
				F8F54B8C67C63FF78CAA3B21 /* Pods_Marlin.framework in Frameworks */,
			);
			runOnlyForDeploymentPostprocessing = 0;
		};
		98C5F06F25B6741500F2B56F /* Frameworks */ = {
			isa = PBXFrameworksBuildPhase;
			buildActionMask = 2147483647;
			files = (
			);
			runOnlyForDeploymentPostprocessing = 0;
		};
		98C5F07A25B6741500F2B56F /* Frameworks */ = {
			isa = PBXFrameworksBuildPhase;
			buildActionMask = 2147483647;
			files = (
			);
			runOnlyForDeploymentPostprocessing = 0;
		};
/* End PBXFrameworksBuildPhase section */

/* Begin PBXGroup section */
		5B367662212679843557825D /* Pods */ = {
			isa = PBXGroup;
			children = (
				42EC1CB5B6ED8C5A08FD1015 /* Pods-Marlin.debug.xcconfig */,
				9FFA4CE2EAE4C5460408B200 /* Pods-Marlin.release.xcconfig */,
			);
			path = Pods;
			sourceTree = "<group>";
		};
		80FA09D4640D3733B9E6BE86 /* Frameworks */ = {
			isa = PBXGroup;
			children = (
				49FDF875CA86F8FEEF20B184 /* Pods_Marlin.framework */,
			);
			name = Frameworks;
			sourceTree = "<group>";
		};
		98C5F05725B6741400F2B56F = {
			isa = PBXGroup;
			children = (
				98C5F06225B6741400F2B56F /* Marlin */,
				98C5F07525B6741500F2B56F /* MarlinTests */,
				98C5F08025B6741500F2B56F /* MarlinUITests */,
				98C5F06125B6741400F2B56F /* Products */,
				5B367662212679843557825D /* Pods */,
				80FA09D4640D3733B9E6BE86 /* Frameworks */,
			);
			sourceTree = "<group>";
		};
		98C5F06125B6741400F2B56F /* Products */ = {
			isa = PBXGroup;
			children = (
				98C5F06025B6741400F2B56F /* Marlin.app */,
				98C5F07225B6741500F2B56F /* MarlinTests.xctest */,
				98C5F07D25B6741500F2B56F /* MarlinUITests.xctest */,
			);
			name = Products;
			sourceTree = "<group>";
		};
		98C5F06225B6741400F2B56F /* Marlin */ = {
			isa = PBXGroup;
			children = (
				98C5F0AD25B67B1100F2B56F /* View */,
				98C5F06325B6741400F2B56F /* AppDelegate.swift */,
				98C5F06725B6741500F2B56F /* Assets.xcassets */,
				98C5F06C25B6741500F2B56F /* Info.plist */,
				98C5F06D25B6741500F2B56F /* Marlin.entitlements */,
				98C5F09825B6777E00F2B56F /* main.swift */,
			);
			path = Marlin;
			sourceTree = "<group>";
		};
		98C5F07525B6741500F2B56F /* MarlinTests */ = {
			isa = PBXGroup;
			children = (
				98C5F07625B6741500F2B56F /* MarlinTests.swift */,
				98C5F07825B6741500F2B56F /* Info.plist */,
			);
			path = MarlinTests;
			sourceTree = "<group>";
		};
		98C5F08025B6741500F2B56F /* MarlinUITests */ = {
			isa = PBXGroup;
			children = (
				98C5F08125B6741500F2B56F /* MarlinUITests.swift */,
				98C5F08325B6741500F2B56F /* Info.plist */,
			);
			path = MarlinUITests;
			sourceTree = "<group>";
		};
		98C5F0AD25B67B1100F2B56F /* View */ = {
			isa = PBXGroup;
			children = (
				98C5F0A025B6780000F2B56F /* MainViewController.swift */,
			);
			path = View;
			sourceTree = "<group>";
		};
/* End PBXGroup section */

/* Begin PBXNativeTarget section */
		98C5F05F25B6741400F2B56F /* Marlin */ = {
			isa = PBXNativeTarget;
			buildConfigurationList = 98C5F08625B6741500F2B56F /* Build configuration list for PBXNativeTarget "Marlin" */;
			buildPhases = (
				AF0BDEF4C6748EB78AC6F16D /* [CP] Check Pods Manifest.lock */,
				98C5F05C25B6741400F2B56F /* Sources */,
				98C5F05D25B6741400F2B56F /* Frameworks */,
				98C5F05E25B6741400F2B56F /* Resources */,
				13FB61BD3A88A4389A79B855 /* [CP] Embed Pods Frameworks */,
			);
			buildRules = (
			);
			dependencies = (
			);
			name = Marlin;
			productName = Marlin;
			productReference = 98C5F06025B6741400F2B56F /* Marlin.app */;
			productType = "com.apple.product-type.application";
		};
		98C5F07125B6741500F2B56F /* MarlinTests */ = {
			isa = PBXNativeTarget;
			buildConfigurationList = 98C5F08925B6741500F2B56F /* Build configuration list for PBXNativeTarget "MarlinTests" */;
			buildPhases = (
				98C5F06E25B6741500F2B56F /* Sources */,
				98C5F06F25B6741500F2B56F /* Frameworks */,
				98C5F07025B6741500F2B56F /* Resources */,
			);
			buildRules = (
			);
			dependencies = (
				98C5F07425B6741500F2B56F /* PBXTargetDependency */,
			);
			name = MarlinTests;
			productName = MarlinTests;
			productReference = 98C5F07225B6741500F2B56F /* MarlinTests.xctest */;
			productType = "com.apple.product-type.bundle.unit-test";
		};
		98C5F07C25B6741500F2B56F /* MarlinUITests */ = {
			isa = PBXNativeTarget;
			buildConfigurationList = 98C5F08C25B6741500F2B56F /* Build configuration list for PBXNativeTarget "MarlinUITests" */;
			buildPhases = (
				98C5F07925B6741500F2B56F /* Sources */,
				98C5F07A25B6741500F2B56F /* Frameworks */,
				98C5F07B25B6741500F2B56F /* Resources */,
			);
			buildRules = (
			);
			dependencies = (
				98C5F07F25B6741500F2B56F /* PBXTargetDependency */,
			);
			name = MarlinUITests;
			productName = MarlinUITests;
			productReference = 98C5F07D25B6741500F2B56F /* MarlinUITests.xctest */;
			productType = "com.apple.product-type.bundle.ui-testing";
		};
/* End PBXNativeTarget section */

/* Begin PBXProject section */
		98C5F05825B6741400F2B56F /* Project object */ = {
			isa = PBXProject;
			attributes = {
				LastSwiftUpdateCheck = 1230;
				LastUpgradeCheck = 1230;
				TargetAttributes = {
					98C5F05F25B6741400F2B56F = {
						CreatedOnToolsVersion = 12.3;
					};
					98C5F07125B6741500F2B56F = {
						CreatedOnToolsVersion = 12.3;
						TestTargetID = 98C5F05F25B6741400F2B56F;
					};
					98C5F07C25B6741500F2B56F = {
						CreatedOnToolsVersion = 12.3;
						TestTargetID = 98C5F05F25B6741400F2B56F;
					};
				};
			};
			buildConfigurationList = 98C5F05B25B6741400F2B56F /* Build configuration list for PBXProject "Marlin" */;
			compatibilityVersion = "Xcode 9.3";
			developmentRegion = en;
			hasScannedForEncodings = 0;
			knownRegions = (
				en,
				Base,
			);
			mainGroup = 98C5F05725B6741400F2B56F;
			productRefGroup = 98C5F06125B6741400F2B56F /* Products */;
			projectDirPath = "";
			projectRoot = "";
			targets = (
				98C5F05F25B6741400F2B56F /* Marlin */,
				98C5F07125B6741500F2B56F /* MarlinTests */,
				98C5F07C25B6741500F2B56F /* MarlinUITests */,
			);
		};
/* End PBXProject section */

/* Begin PBXResourcesBuildPhase section */
		98C5F05E25B6741400F2B56F /* Resources */ = {
			isa = PBXResourcesBuildPhase;
			buildActionMask = 2147483647;
			files = (
				98C5F06825B6741500F2B56F /* Assets.xcassets in Resources */,
			);
			runOnlyForDeploymentPostprocessing = 0;
		};
		98C5F07025B6741500F2B56F /* Resources */ = {
			isa = PBXResourcesBuildPhase;
			buildActionMask = 2147483647;
			files = (
			);
			runOnlyForDeploymentPostprocessing = 0;
		};
		98C5F07B25B6741500F2B56F /* Resources */ = {
			isa = PBXResourcesBuildPhase;
			buildActionMask = 2147483647;
			files = (
			);
			runOnlyForDeploymentPostprocessing = 0;
		};
/* End PBXResourcesBuildPhase section */

/* Begin PBXShellScriptBuildPhase section */
		13FB61BD3A88A4389A79B855 /* [CP] Embed Pods Frameworks */ = {
			isa = PBXShellScriptBuildPhase;
			buildActionMask = 2147483647;
			files = (
			);
			inputFileListPaths = (
				"${PODS_ROOT}/Target Support Files/Pods-Marlin/Pods-Marlin-frameworks-${CONFIGURATION}-input-files.xcfilelist",
			);
			name = "[CP] Embed Pods Frameworks";
			outputFileListPaths = (
				"${PODS_ROOT}/Target Support Files/Pods-Marlin/Pods-Marlin-frameworks-${CONFIGURATION}-output-files.xcfilelist",
			);
			runOnlyForDeploymentPostprocessing = 0;
			shellPath = /bin/sh;
			shellScript = "\"${PODS_ROOT}/Target Support Files/Pods-Marlin/Pods-Marlin-frameworks.sh\"\n";
			showEnvVarsInLog = 0;
		};
		AF0BDEF4C6748EB78AC6F16D /* [CP] Check Pods Manifest.lock */ = {
			isa = PBXShellScriptBuildPhase;
			buildActionMask = 2147483647;
			files = (
			);
			inputFileListPaths = (
			);
			inputPaths = (
				"${PODS_PODFILE_DIR_PATH}/Podfile.lock",
				"${PODS_ROOT}/Manifest.lock",
			);
			name = "[CP] Check Pods Manifest.lock";
			outputFileListPaths = (
			);
			outputPaths = (
				"$(DERIVED_FILE_DIR)/Pods-Marlin-checkManifestLockResult.txt",
			);
			runOnlyForDeploymentPostprocessing = 0;
			shellPath = /bin/sh;
			shellScript = "diff \"${PODS_PODFILE_DIR_PATH}/Podfile.lock\" \"${PODS_ROOT}/Manifest.lock\" > /dev/null\nif [ $? != 0 ] ; then\n    # print error to STDERR\n    echo \"error: The sandbox is not in sync with the Podfile.lock. Run 'pod install' or update your CocoaPods installation.\" >&2\n    exit 1\nfi\n# This output is used by Xcode 'outputs' to avoid re-running this script phase.\necho \"SUCCESS\" > \"${SCRIPT_OUTPUT_FILE_0}\"\n";
			showEnvVarsInLog = 0;
		};
/* End PBXShellScriptBuildPhase section */

/* Begin PBXSourcesBuildPhase section */
		98C5F05C25B6741400F2B56F /* Sources */ = {
			isa = PBXSourcesBuildPhase;
			buildActionMask = 2147483647;
			files = (
				98C5F0A125B6780000F2B56F /* MainViewController.swift in Sources */,
				98C5F06425B6741400F2B56F /* AppDelegate.swift in Sources */,
				98C5F09925B6777E00F2B56F /* main.swift in Sources */,
			);
			runOnlyForDeploymentPostprocessing = 0;
		};
		98C5F06E25B6741500F2B56F /* Sources */ = {
			isa = PBXSourcesBuildPhase;
			buildActionMask = 2147483647;
			files = (
				98C5F07725B6741500F2B56F /* MarlinTests.swift in Sources */,
			);
			runOnlyForDeploymentPostprocessing = 0;
		};
		98C5F07925B6741500F2B56F /* Sources */ = {
			isa = PBXSourcesBuildPhase;
			buildActionMask = 2147483647;
			files = (
				98C5F08225B6741500F2B56F /* MarlinUITests.swift in Sources */,
			);
			runOnlyForDeploymentPostprocessing = 0;
		};
/* End PBXSourcesBuildPhase section */

/* Begin PBXTargetDependency section */
		98C5F07425B6741500F2B56F /* PBXTargetDependency */ = {
			isa = PBXTargetDependency;
			target = 98C5F05F25B6741400F2B56F /* Marlin */;
			targetProxy = 98C5F07325B6741500F2B56F /* PBXContainerItemProxy */;
		};
		98C5F07F25B6741500F2B56F /* PBXTargetDependency */ = {
			isa = PBXTargetDependency;
			target = 98C5F05F25B6741400F2B56F /* Marlin */;
			targetProxy = 98C5F07E25B6741500F2B56F /* PBXContainerItemProxy */;
		};
/* End PBXTargetDependency section */

/* Begin XCBuildConfiguration section */
		98C5F08425B6741500F2B56F /* Debug */ = {
			isa = XCBuildConfiguration;
			buildSettings = {
				ALWAYS_SEARCH_USER_PATHS = NO;
				CLANG_ANALYZER_NONNULL = YES;
				CLANG_ANALYZER_NUMBER_OBJECT_CONVERSION = YES_AGGRESSIVE;
				CLANG_CXX_LANGUAGE_STANDARD = "gnu++14";
				CLANG_CXX_LIBRARY = "libc++";
				CLANG_ENABLE_MODULES = YES;
				CLANG_ENABLE_OBJC_ARC = YES;
				CLANG_ENABLE_OBJC_WEAK = YES;
				CLANG_WARN_BLOCK_CAPTURE_AUTORELEASING = YES;
				CLANG_WARN_BOOL_CONVERSION = YES;
				CLANG_WARN_COMMA = YES;
				CLANG_WARN_CONSTANT_CONVERSION = YES;
				CLANG_WARN_DEPRECATED_OBJC_IMPLEMENTATIONS = YES;
				CLANG_WARN_DIRECT_OBJC_ISA_USAGE = YES_ERROR;
				CLANG_WARN_DOCUMENTATION_COMMENTS = YES;
				CLANG_WARN_EMPTY_BODY = YES;
				CLANG_WARN_ENUM_CONVERSION = YES;
				CLANG_WARN_INFINITE_RECURSION = YES;
				CLANG_WARN_INT_CONVERSION = YES;
				CLANG_WARN_NON_LITERAL_NULL_CONVERSION = YES;
				CLANG_WARN_OBJC_IMPLICIT_RETAIN_SELF = YES;
				CLANG_WARN_OBJC_LITERAL_CONVERSION = YES;
				CLANG_WARN_OBJC_ROOT_CLASS = YES_ERROR;
				CLANG_WARN_QUOTED_INCLUDE_IN_FRAMEWORK_HEADER = YES;
				CLANG_WARN_RANGE_LOOP_ANALYSIS = YES;
				CLANG_WARN_STRICT_PROTOTYPES = YES;
				CLANG_WARN_SUSPICIOUS_MOVE = YES;
				CLANG_WARN_UNGUARDED_AVAILABILITY = YES_AGGRESSIVE;
				CLANG_WARN_UNREACHABLE_CODE = YES;
				CLANG_WARN__DUPLICATE_METHOD_MATCH = YES;
				COPY_PHASE_STRIP = NO;
				DEBUG_INFORMATION_FORMAT = dwarf;
				ENABLE_STRICT_OBJC_MSGSEND = YES;
				ENABLE_TESTABILITY = YES;
				GCC_C_LANGUAGE_STANDARD = gnu11;
				GCC_DYNAMIC_NO_PIC = NO;
				GCC_NO_COMMON_BLOCKS = YES;
				GCC_OPTIMIZATION_LEVEL = 0;
				GCC_PREPROCESSOR_DEFINITIONS = (
					"DEBUG=1",
					"$(inherited)",
				);
				GCC_WARN_64_TO_32_BIT_CONVERSION = YES;
				GCC_WARN_ABOUT_RETURN_TYPE = YES_ERROR;
				GCC_WARN_UNDECLARED_SELECTOR = YES;
				GCC_WARN_UNINITIALIZED_AUTOS = YES_AGGRESSIVE;
				GCC_WARN_UNUSED_FUNCTION = YES;
				GCC_WARN_UNUSED_VARIABLE = YES;
				MACOSX_DEPLOYMENT_TARGET = 11.1;
				MTL_ENABLE_DEBUG_INFO = INCLUDE_SOURCE;
				MTL_FAST_MATH = YES;
				ONLY_ACTIVE_ARCH = YES;
				SDKROOT = macosx;
				SWIFT_ACTIVE_COMPILATION_CONDITIONS = DEBUG;
				SWIFT_OPTIMIZATION_LEVEL = "-Onone";
			};
			name = Debug;
		};
		98C5F08525B6741500F2B56F /* Release */ = {
			isa = XCBuildConfiguration;
			buildSettings = {
				ALWAYS_SEARCH_USER_PATHS = NO;
				CLANG_ANALYZER_NONNULL = YES;
				CLANG_ANALYZER_NUMBER_OBJECT_CONVERSION = YES_AGGRESSIVE;
				CLANG_CXX_LANGUAGE_STANDARD = "gnu++14";
				CLANG_CXX_LIBRARY = "libc++";
				CLANG_ENABLE_MODULES = YES;
				CLANG_ENABLE_OBJC_ARC = YES;
				CLANG_ENABLE_OBJC_WEAK = YES;
				CLANG_WARN_BLOCK_CAPTURE_AUTORELEASING = YES;
				CLANG_WARN_BOOL_CONVERSION = YES;
				CLANG_WARN_COMMA = YES;
				CLANG_WARN_CONSTANT_CONVERSION = YES;
				CLANG_WARN_DEPRECATED_OBJC_IMPLEMENTATIONS = YES;
				CLANG_WARN_DIRECT_OBJC_ISA_USAGE = YES_ERROR;
				CLANG_WARN_DOCUMENTATION_COMMENTS = YES;
				CLANG_WARN_EMPTY_BODY = YES;
				CLANG_WARN_ENUM_CONVERSION = YES;
				CLANG_WARN_INFINITE_RECURSION = YES;
				CLANG_WARN_INT_CONVERSION = YES;
				CLANG_WARN_NON_LITERAL_NULL_CONVERSION = YES;
				CLANG_WARN_OBJC_IMPLICIT_RETAIN_SELF = YES;
				CLANG_WARN_OBJC_LITERAL_CONVERSION = YES;
				CLANG_WARN_OBJC_ROOT_CLASS = YES_ERROR;
				CLANG_WARN_QUOTED_INCLUDE_IN_FRAMEWORK_HEADER = YES;
				CLANG_WARN_RANGE_LOOP_ANALYSIS = YES;
				CLANG_WARN_STRICT_PROTOTYPES = YES;
				CLANG_WARN_SUSPICIOUS_MOVE = YES;
				CLANG_WARN_UNGUARDED_AVAILABILITY = YES_AGGRESSIVE;
				CLANG_WARN_UNREACHABLE_CODE = YES;
				CLANG_WARN__DUPLICATE_METHOD_MATCH = YES;
				COPY_PHASE_STRIP = NO;
				DEBUG_INFORMATION_FORMAT = "dwarf-with-dsym";
				ENABLE_NS_ASSERTIONS = NO;
				ENABLE_STRICT_OBJC_MSGSEND = YES;
				GCC_C_LANGUAGE_STANDARD = gnu11;
				GCC_NO_COMMON_BLOCKS = YES;
				GCC_WARN_64_TO_32_BIT_CONVERSION = YES;
				GCC_WARN_ABOUT_RETURN_TYPE = YES_ERROR;
				GCC_WARN_UNDECLARED_SELECTOR = YES;
				GCC_WARN_UNINITIALIZED_AUTOS = YES_AGGRESSIVE;
				GCC_WARN_UNUSED_FUNCTION = YES;
				GCC_WARN_UNUSED_VARIABLE = YES;
				MACOSX_DEPLOYMENT_TARGET = 11.1;
				MTL_ENABLE_DEBUG_INFO = NO;
				MTL_FAST_MATH = YES;
				SDKROOT = macosx;
				SWIFT_COMPILATION_MODE = wholemodule;
				SWIFT_OPTIMIZATION_LEVEL = "-O";
			};
			name = Release;
		};
		98C5F08725B6741500F2B56F /* Debug */ = {
			isa = XCBuildConfiguration;
			baseConfigurationReference = 42EC1CB5B6ED8C5A08FD1015 /* Pods-Marlin.debug.xcconfig */;
			buildSettings = {
				ASSETCATALOG_COMPILER_APPICON_NAME = AppIcon;
				ASSETCATALOG_COMPILER_GLOBAL_ACCENT_COLOR_NAME = AccentColor;
				CODE_SIGN_ENTITLEMENTS = Marlin/Marlin.entitlements;
				CODE_SIGN_STYLE = Automatic;
				COMBINE_HIDPI_IMAGES = YES;
				DEVELOPMENT_TEAM = MW25D634DX;
				ENABLE_HARDENED_RUNTIME = YES;
				INFOPLIST_FILE = Marlin/Info.plist;
				LD_RUNPATH_SEARCH_PATHS = (
					"$(inherited)",
					"@executable_path/../Frameworks",
				);
				PRODUCT_BUNDLE_IDENTIFIER = "Valeriy-Soltan.Marlin";
				PRODUCT_NAME = "$(TARGET_NAME)";
				SWIFT_VERSION = 5.0;
			};
			name = Debug;
		};
		98C5F08825B6741500F2B56F /* Release */ = {
			isa = XCBuildConfiguration;
			baseConfigurationReference = 9FFA4CE2EAE4C5460408B200 /* Pods-Marlin.release.xcconfig */;
			buildSettings = {
				ASSETCATALOG_COMPILER_APPICON_NAME = AppIcon;
				ASSETCATALOG_COMPILER_GLOBAL_ACCENT_COLOR_NAME = AccentColor;
				CODE_SIGN_ENTITLEMENTS = Marlin/Marlin.entitlements;
				CODE_SIGN_STYLE = Automatic;
				COMBINE_HIDPI_IMAGES = YES;
				DEVELOPMENT_TEAM = MW25D634DX;
				ENABLE_HARDENED_RUNTIME = YES;
				INFOPLIST_FILE = Marlin/Info.plist;
				LD_RUNPATH_SEARCH_PATHS = (
					"$(inherited)",
					"@executable_path/../Frameworks",
				);
				PRODUCT_BUNDLE_IDENTIFIER = "Valeriy-Soltan.Marlin";
				PRODUCT_NAME = "$(TARGET_NAME)";
				SWIFT_VERSION = 5.0;
			};
			name = Release;
		};
		98C5F08A25B6741500F2B56F /* Debug */ = {
			isa = XCBuildConfiguration;
			buildSettings = {
				ALWAYS_EMBED_SWIFT_STANDARD_LIBRARIES = YES;
				BUNDLE_LOADER = "$(TEST_HOST)";
				CODE_SIGN_STYLE = Automatic;
				COMBINE_HIDPI_IMAGES = YES;
				DEVELOPMENT_TEAM = MW25D634DX;
				INFOPLIST_FILE = MarlinTests/Info.plist;
				LD_RUNPATH_SEARCH_PATHS = (
					"$(inherited)",
					"@executable_path/../Frameworks",
					"@loader_path/../Frameworks",
				);
				MACOSX_DEPLOYMENT_TARGET = 11.1;
				PRODUCT_BUNDLE_IDENTIFIER = "Valeriy-Soltan.MarlinTests";
				PRODUCT_NAME = "$(TARGET_NAME)";
				SWIFT_VERSION = 5.0;
				TEST_HOST = "$(BUILT_PRODUCTS_DIR)/Marlin.app/Contents/MacOS/Marlin";
			};
			name = Debug;
		};
		98C5F08B25B6741500F2B56F /* Release */ = {
			isa = XCBuildConfiguration;
			buildSettings = {
				ALWAYS_EMBED_SWIFT_STANDARD_LIBRARIES = YES;
				BUNDLE_LOADER = "$(TEST_HOST)";
				CODE_SIGN_STYLE = Automatic;
				COMBINE_HIDPI_IMAGES = YES;
				DEVELOPMENT_TEAM = MW25D634DX;
				INFOPLIST_FILE = MarlinTests/Info.plist;
				LD_RUNPATH_SEARCH_PATHS = (
					"$(inherited)",
					"@executable_path/../Frameworks",
					"@loader_path/../Frameworks",
				);
				MACOSX_DEPLOYMENT_TARGET = 11.1;
				PRODUCT_BUNDLE_IDENTIFIER = "Valeriy-Soltan.MarlinTests";
				PRODUCT_NAME = "$(TARGET_NAME)";
				SWIFT_VERSION = 5.0;
				TEST_HOST = "$(BUILT_PRODUCTS_DIR)/Marlin.app/Contents/MacOS/Marlin";
			};
			name = Release;
		};
		98C5F08D25B6741500F2B56F /* Debug */ = {
			isa = XCBuildConfiguration;
			buildSettings = {
				ALWAYS_EMBED_SWIFT_STANDARD_LIBRARIES = YES;
				CODE_SIGN_STYLE = Automatic;
				COMBINE_HIDPI_IMAGES = YES;
				DEVELOPMENT_TEAM = MW25D634DX;
				INFOPLIST_FILE = MarlinUITests/Info.plist;
				LD_RUNPATH_SEARCH_PATHS = (
					"$(inherited)",
					"@executable_path/../Frameworks",
					"@loader_path/../Frameworks",
				);
				PRODUCT_BUNDLE_IDENTIFIER = "Valeriy-Soltan.MarlinUITests";
				PRODUCT_NAME = "$(TARGET_NAME)";
				SWIFT_VERSION = 5.0;
				TEST_TARGET_NAME = Marlin;
			};
			name = Debug;
		};
		98C5F08E25B6741500F2B56F /* Release */ = {
			isa = XCBuildConfiguration;
			buildSettings = {
				ALWAYS_EMBED_SWIFT_STANDARD_LIBRARIES = YES;
				CODE_SIGN_STYLE = Automatic;
				COMBINE_HIDPI_IMAGES = YES;
				DEVELOPMENT_TEAM = MW25D634DX;
				INFOPLIST_FILE = MarlinUITests/Info.plist;
				LD_RUNPATH_SEARCH_PATHS = (
					"$(inherited)",
					"@executable_path/../Frameworks",
					"@loader_path/../Frameworks",
				);
				PRODUCT_BUNDLE_IDENTIFIER = "Valeriy-Soltan.MarlinUITests";
				PRODUCT_NAME = "$(TARGET_NAME)";
				SWIFT_VERSION = 5.0;
				TEST_TARGET_NAME = Marlin;
			};
			name = Release;
		};
/* End XCBuildConfiguration section */

/* Begin XCConfigurationList section */
		98C5F05B25B6741400F2B56F /* Build configuration list for PBXProject "Marlin" */ = {
			isa = XCConfigurationList;
			buildConfigurations = (
				98C5F08425B6741500F2B56F /* Debug */,
				98C5F08525B6741500F2B56F /* Release */,
			);
			defaultConfigurationIsVisible = 0;
			defaultConfigurationName = Release;
		};
		98C5F08625B6741500F2B56F /* Build configuration list for PBXNativeTarget "Marlin" */ = {
			isa = XCConfigurationList;
			buildConfigurations = (
				98C5F08725B6741500F2B56F /* Debug */,
				98C5F08825B6741500F2B56F /* Release */,
			);
			defaultConfigurationIsVisible = 0;
			defaultConfigurationName = Release;
		};
		98C5F08925B6741500F2B56F /* Build configuration list for PBXNativeTarget "MarlinTests" */ = {
			isa = XCConfigurationList;
			buildConfigurations = (
				98C5F08A25B6741500F2B56F /* Debug */,
				98C5F08B25B6741500F2B56F /* Release */,
			);
			defaultConfigurationIsVisible = 0;
			defaultConfigurationName = Release;
		};
		98C5F08C25B6741500F2B56F /* Build configuration list for PBXNativeTarget "MarlinUITests" */ = {
			isa = XCConfigurationList;
			buildConfigurations = (
				98C5F08D25B6741500F2B56F /* Debug */,
				98C5F08E25B6741500F2B56F /* Release */,
			);
			defaultConfigurationIsVisible = 0;
			defaultConfigurationName = Release;
		};
/* End XCConfigurationList section */
	};
	rootObject = 98C5F05825B6741400F2B56F /* Project object */;
}
